
Microsoft Visual Studio Solution File, Format Version 12.00
# Visual Studio Version 17
VisualStudioVersion = 17.13.35828.75 d17.13
MinimumVisualStudioVersion = 10.0.40219.1
Project("{FAE04EC0-301F-11D3-BF4B-00C04F79EFBC}") = "ExercicioBiblioteca", "ExercicioBiblioteca.csproj", "{EBF04523-83A6-40B8-BFCB-5C025B81550D}"
EndProject
Global
	GlobalSection(SolutionConfigurationPlatforms) = preSolution
		Debug|Any CPU = Debug|Any CPU
		Release|Any CPU = Release|Any CPU
	EndGlobalSection
	GlobalSection(ProjectConfigurationPlatforms) = postSolution
		{EBF04523-83A6-40B8-BFCB-5C025B81550D}.Debug|Any CPU.ActiveCfg = Debug|Any CPU
		{EBF04523-83A6-40B8-BFCB-5C025B81550D}.Debug|Any CPU.Build.0 = Debug|Any CPU
		{EBF04523-83A6-40B8-BFCB-5C025B81550D}.Release|Any CPU.ActiveCfg = Release|Any CPU
		{EBF04523-83A6-40B8-BFCB-5C025B81550D}.Release|Any CPU.Build.0 = Release|Any CPU
	EndGlobalSection
	GlobalSection(SolutionProperties) = preSolution
		HideSolutionNode = FALSE
	EndGlobalSection
	GlobalSection(ExtensibilityGlobals) = postSolution
		SolutionGuid = {EC8A1FE8-0129-47CF-83E1-14DA646C1ACC}
	EndGlobalSection
EndGlobal
